{
  "name": "corpcoin-smart-contract",
  "version": "1.0.0",
  "lockfileVersion": 1,
  "requires": true,
  "dependencies": {
    "@0xcert/ethereum-erc721": {
      "version": "1.10.0",
      "resolved": "https://registry.npmjs.org/@0xcert/ethereum-erc721/-/ethereum-erc721-1.10.0.tgz",
      "integrity": "sha512-n5fkZKqBzwXmaKBEPcz9evLqd0uo3juIgc28vUa8h66gRY1WDEVVjfqaK4JxkdkGUfHeGsJ7xJbTxQgvGaCNLw==",
      "requires": {
        "@0xcert/ethereum-utils": "1.1.0"
      }
    },
    "@0xcert/ethereum-utils": {
      "version": "1.1.0",
      "resolved": "https://registry.npmjs.org/@0xcert/ethereum-utils/-/ethereum-utils-1.1.0.tgz",
      "integrity": "sha512-x7bl+QIhmlrZ83PdPGkn2G+DqR4JurzY26HpgK+dLoEKbh0boIraPS/bnLDOj1wbM+u40WKl3eIyUlpQ7qK9rg=="
    },
    "openzeppelin-solidity": {
      "version": "1.11.0",
      "resolved": "https://registry.npmjs.org/openzeppelin-solidity/-/openzeppelin-solidity-1.11.0.tgz",
      "integrity": "sha512-s4hFpQ9nMvFQBUuY0OJ7PfvSEprPcUph/YGvlgqJYQc6rNjsreRSj9Iq6ftTFI2anlECvWg/wWnNdPq4Tih1FA=="
    },
    "zeppelin-solidity": {
      "version": "1.11.0",
      "resolved": "https://registry.npmjs.org/zeppelin-solidity/-/zeppelin-solidity-1.11.0.tgz",
      "integrity": "sha512-fn5P4wtFqbW5W4zrqDuGOgCIo7kCMYWSto58NCv2SJLlJbR80l0inHVGUOtZ9ECO7fJy/3Myr27tAczfrR7gVg=="
    }
  }
}
